{
    "_readme": [
        "This file locks the dependencies of your project to a known state",
        "Read more about it at https://getcomposer.org/doc/01-basic-usage.md#installing-dependencies",
        "This file is @generated automatically"
    ],
    "content-hash": "20aef4fd76ef9d965328184491b93ae6",
    "packages": [
        {
            "name": "brw/genesis-framework",
            "version": "dev-main",
            "source": {
                "type": "git",
                "url": "https://github.com/BenRutlandWeb/genesis-framework.git",
                "reference": "d8737965f758fcf4e1f71ad30f9021fff9a78258"
            },
            "dist": {
                "type": "zip",
                "url": "https://api.github.com/repos/BenRutlandWeb/genesis-framework/zipball/d8737965f758fcf4e1f71ad30f9021fff9a78258",
                "reference": "d8737965f758fcf4e1f71ad30f9021fff9a78258",
                "shasum": ""
            },
            "require": {
                "illuminate/container": "^8.6",
                "php": "^7.3",
                "symfony/finder": "^5.1"
            },
            "type": "library",
            "autoload": {
                "psr-4": {
                    "Genesis\\": "src/Genesis/"
                },
                "files": [
                    "src/Genesis/Support/helpers.php"
                ]
            },
            "license": [
                "MIT"
            ],
            "authors": [
                {
                    "name": "Ben Rutland",
                    "email": "info@benrutlandweb.co.uk",
                    "homepage": "https://github.com/BenRutlandWeb"
                }
            ],
            "description": "WordPress theme framework for elegant development",
            "keywords": [
                "WordPress",
                "framework",
                "theme"
            ],
            "support": {
                "source": "https://github.com/BenRutlandWeb/genesis-framework/tree/main",
                "issues": "https://github.com/BenRutlandWeb/genesis-framework/issues"
            },
            "time": "2020-09-24T17:22:00+00:00"
        },
        {
            "name": "illuminate/container",
            "version": "v8.6.0",
            "source": {
                "type": "git",
                "url": "https://github.com/illuminate/container.git",
                "reference": "e89a1572cd5dd193f4d6a4a1c8baeeb1e0bfac5f"
            },
            "dist": {
                "type": "zip",
                "url": "https://api.github.com/repos/illuminate/container/zipball/e89a1572cd5dd193f4d6a4a1c8baeeb1e0bfac5f",
                "reference": "e89a1572cd5dd193f4d6a4a1c8baeeb1e0bfac5f",
                "shasum": ""
            },
            "require": {
                "illuminate/contracts": "^8.0",
                "php": "^7.3",
                "psr/container": "^1.0"
            },
            "provide": {
                "psr/container-implementation": "1.0"
            },
            "type": "library",
            "extra": {
                "branch-alias": {
                    "dev-master": "8.x-dev"
                }
            },
            "autoload": {
                "psr-4": {
                    "Illuminate\\Container\\": ""
                }
            },
            "notification-url": "https://packagist.org/downloads/",
            "license": [
                "MIT"
            ],
            "authors": [
                {
                    "name": "Taylor Otwell",
                    "email": "taylor@laravel.com"
                }
            ],
            "description": "The Illuminate Container package.",
            "homepage": "https://laravel.com",
            "time": "2020-08-13T14:34:00+00:00"
        },
        {
            "name": "illuminate/contracts",
            "version": "v8.6.0",
            "source": {
                "type": "git",
                "url": "https://github.com/illuminate/contracts.git",
                "reference": "37ec3d86c2761628957b6d762ecd3bd27da754bd"
            },
            "dist": {
                "type": "zip",
                "url": "https://api.github.com/repos/illuminate/contracts/zipball/37ec3d86c2761628957b6d762ecd3bd27da754bd",
                "reference": "37ec3d86c2761628957b6d762ecd3bd27da754bd",
                "shasum": ""
            },
            "require": {
                "php": "^7.3",
                "psr/container": "^1.0",
                "psr/simple-cache": "^1.0"
            },
            "type": "library",
            "extra": {
                "branch-alias": {
                    "dev-master": "8.x-dev"
                }
            },
            "autoload": {
                "psr-4": {
                    "Illuminate\\Contracts\\": ""
                }
            },
            "notification-url": "https://packagist.org/downloads/",
            "license": [
                "MIT"
            ],
            "authors": [
                {
                    "name": "Taylor Otwell",
                    "email": "taylor@laravel.com"
                }
            ],
            "description": "The Illuminate Contracts package.",
            "homepage": "https://laravel.com",
            "time": "2020-09-16T13:57:35+00:00"
        },
        {
            "name": "psr/container",
            "version": "1.0.0",
            "source": {
                "type": "git",
                "url": "https://github.com/php-fig/container.git",
                "reference": "b7ce3b176482dbbc1245ebf52b181af44c2cf55f"
            },
            "dist": {
                "type": "zip",
                "url": "https://api.github.com/repos/php-fig/container/zipball/b7ce3b176482dbbc1245ebf52b181af44c2cf55f",
                "reference": "b7ce3b176482dbbc1245ebf52b181af44c2cf55f",
                "shasum": ""
            },
            "require": {
                "php": ">=5.3.0"
            },
            "type": "library",
            "extra": {
                "branch-alias": {
                    "dev-master": "1.0.x-dev"
                }
            },
            "autoload": {
                "psr-4": {
                    "Psr\\Container\\": "src/"
                }
            },
            "notification-url": "https://packagist.org/downloads/",
            "license": [
                "MIT"
            ],
            "authors": [
                {
                    "name": "PHP-FIG",
                    "homepage": "http://www.php-fig.org/"
                }
            ],
            "description": "Common Container Interface (PHP FIG PSR-11)",
            "homepage": "https://github.com/php-fig/container",
            "keywords": [
                "PSR-11",
                "container",
                "container-interface",
                "container-interop",
                "psr"
            ],
            "time": "2017-02-14T16:28:37+00:00"
        },
        {
            "name": "psr/simple-cache",
            "version": "1.0.1",
            "source": {
                "type": "git",
                "url": "https://github.com/php-fig/simple-cache.git",
                "reference": "408d5eafb83c57f6365a3ca330ff23aa4a5fa39b"
            },
            "dist": {
                "type": "zip",
                "url": "https://api.github.com/repos/php-fig/simple-cache/zipball/408d5eafb83c57f6365a3ca330ff23aa4a5fa39b",
                "reference": "408d5eafb83c57f6365a3ca330ff23aa4a5fa39b",
                "shasum": ""
            },
            "require": {
                "php": ">=5.3.0"
            },
            "type": "library",
            "extra": {
                "branch-alias": {
                    "dev-master": "1.0.x-dev"
                }
            },
            "autoload": {
                "psr-4": {
                    "Psr\\SimpleCache\\": "src/"
                }
            },
            "notification-url": "https://packagist.org/downloads/",
            "license": [
                "MIT"
            ],
            "authors": [
                {
                    "name": "PHP-FIG",
                    "homepage": "http://www.php-fig.org/"
                }
            ],
            "description": "Common interfaces for simple caching",
            "keywords": [
                "cache",
                "caching",
                "psr",
                "psr-16",
                "simple-cache"
            ],
            "time": "2017-10-23T01:57:42+00:00"
        },
        {
            "name": "symfony/finder",
            "version": "v5.1.5",
            "source": {
                "type": "git",
                "url": "https://github.com/symfony/finder.git",
                "reference": "2b765f0cf6612b3636e738c0689b29aa63088d5d"
            },
            "dist": {
                "type": "zip",
                "url": "https://api.github.com/repos/symfony/finder/zipball/2b765f0cf6612b3636e738c0689b29aa63088d5d",
                "reference": "2b765f0cf6612b3636e738c0689b29aa63088d5d",
                "shasum": ""
            },
            "require": {
                "php": ">=7.2.5"
            },
            "type": "library",
            "extra": {
                "branch-alias": {
                    "dev-master": "5.1-dev"
                }
            },
            "autoload": {
                "psr-4": {
                    "Symfony\\Component\\Finder\\": ""
                },
                "exclude-from-classmap": [
                    "/Tests/"
                ]
            },
            "notification-url": "https://packagist.org/downloads/",
            "license": [
                "MIT"
            ],
            "authors": [
                {
                    "name": "Fabien Potencier",
                    "email": "fabien@symfony.com"
                },
                {
                    "name": "Symfony Community",
                    "homepage": "https://symfony.com/contributors"
                }
            ],
            "description": "Symfony Finder Component",
            "homepage": "https://symfony.com",
            "time": "2020-08-17T10:01:29+00:00"
        }
    ],
    "packages-dev": [],
    "aliases": [],
    "minimum-stability": "stable",
    "stability-flags": {
        "brw/genesis-framework": 20
    },
    "prefer-stable": false,
    "prefer-lowest": false,
    "platform": [],
    "platform-dev": []
}
